// !$*UTF8*$!
{
	archiveVersion = 1;
	classes = {
	};
	objectVersion = 50;
	objects = {

/* Begin PBXBuildFile section */
		DC92EB98230A7AC7003F5A36 /* AppDelegate.swift in Sources */ = {isa = PBXBuildFile; fileRef = DC92EB97230A7AC7003F5A36 /* AppDelegate.swift */; };
		DC92EB9A230A7AC7003F5A36 /* ViewController.swift in Sources */ = {isa = PBXBuildFile; fileRef = DC92EB99230A7AC7003F5A36 /* ViewController.swift */; };
		DC92EB9F230A7AC8003F5A36 /* Assets.xcassets in Resources */ = {isa = PBXBuildFile; fileRef = DC92EB9E230A7AC8003F5A36 /* Assets.xcassets */; };
		DC92EBA2230A7AC8003F5A36 /* LaunchScreen.storyboard in Resources */ = {isa = PBXBuildFile; fileRef = DC92EBA0230A7AC8003F5A36 /* LaunchScreen.storyboard */; };
		DC985178230A9A9200884885 /* Note.swift in Sources */ = {isa = PBXBuildFile; fileRef = DC985177230A9A9200884885 /* Note.swift */; };
		DC98517A230A9ACB00884885 /* NoteExtensions.swift in Sources */ = {isa = PBXBuildFile; fileRef = DC985179230A9ACB00884885 /* NoteExtensions.swift */; };
		DC98517D230A9AF100884885 /* UIColor.swift in Sources */ = {isa = PBXBuildFile; fileRef = DC98517C230A9AF100884885 /* UIColor.swift */; };
		DC98517F230A9B7100884885 /* FileNotebook.swift in Sources */ = {isa = PBXBuildFile; fileRef = DC98517E230A9B7100884885 /* FileNotebook.swift */; };
		DC985187230AAA3F00884885 /* NotesTests.swift in Sources */ = {isa = PBXBuildFile; fileRef = DC985186230AAA3F00884885 /* NotesTests.swift */; };
		DC985190230AB06000884885 /* NoteTests.swift in Sources */ = {isa = PBXBuildFile; fileRef = DC98518F230AB06000884885 /* NoteTests.swift */; };
		DC985193230ABFE000884885 /* FileNotebookTests.swift in Sources */ = {isa = PBXBuildFile; fileRef = DC985192230ABFE000884885 /* FileNotebookTests.swift */; };
		DC985197230AE74000884885 /* NoteExtensionTests.swift in Sources */ = {isa = PBXBuildFile; fileRef = DC985196230AE74000884885 /* NoteExtensionTests.swift */; };
/* End PBXBuildFile section */

/* Begin PBXContainerItemProxy section */
		DC985189230AAA3F00884885 /* PBXContainerItemProxy */ = {
			isa = PBXContainerItemProxy;
			containerPortal = DC92EB8C230A7AC7003F5A36 /* Project object */;
			proxyType = 1;
			remoteGlobalIDString = DC92EB93230A7AC7003F5A36;
			remoteInfo = Notes;
		};
/* End PBXContainerItemProxy section */

/* Begin PBXFileReference section */
		DC92EB94230A7AC7003F5A36 /* Notes.app */ = {isa = PBXFileReference; explicitFileType = wrapper.application; includeInIndex = 0; path = Notes.app; sourceTree = BUILT_PRODUCTS_DIR; };
		DC92EB97230A7AC7003F5A36 /* AppDelegate.swift */ = {isa = PBXFileReference; lastKnownFileType = sourcecode.swift; path = AppDelegate.swift; sourceTree = "<group>"; };
		DC92EB99230A7AC7003F5A36 /* ViewController.swift */ = {isa = PBXFileReference; lastKnownFileType = sourcecode.swift; path = ViewController.swift; sourceTree = "<group>"; };
		DC92EB9E230A7AC8003F5A36 /* Assets.xcassets */ = {isa = PBXFileReference; lastKnownFileType = folder.assetcatalog; path = Assets.xcassets; sourceTree = "<group>"; };
		DC92EBA1230A7AC8003F5A36 /* Base */ = {isa = PBXFileReference; lastKnownFileType = file.storyboard; name = Base; path = Base.lproj/LaunchScreen.storyboard; sourceTree = "<group>"; };
		DC92EBA3230A7AC8003F5A36 /* Info.plist */ = {isa = PBXFileReference; lastKnownFileType = text.plist.xml; path = Info.plist; sourceTree = "<group>"; };
		DC985177230A9A9200884885 /* Note.swift */ = {isa = PBXFileReference; lastKnownFileType = sourcecode.swift; path = Note.swift; sourceTree = "<group>"; };
		DC985179230A9ACB00884885 /* NoteExtensions.swift */ = {isa = PBXFileReference; lastKnownFileType = sourcecode.swift; path = NoteExtensions.swift; sourceTree = "<group>"; };
		DC98517C230A9AF100884885 /* UIColor.swift */ = {isa = PBXFileReference; lastKnownFileType = sourcecode.swift; path = UIColor.swift; sourceTree = "<group>"; };
		DC98517E230A9B7100884885 /* FileNotebook.swift */ = {isa = PBXFileReference; lastKnownFileType = sourcecode.swift; path = FileNotebook.swift; sourceTree = "<group>"; };
		DC985184230AAA3F00884885 /* NotesTests.xctest */ = {isa = PBXFileReference; explicitFileType = wrapper.cfbundle; includeInIndex = 0; path = NotesTests.xctest; sourceTree = BUILT_PRODUCTS_DIR; };
		DC985186230AAA3F00884885 /* NotesTests.swift */ = {isa = PBXFileReference; lastKnownFileType = sourcecode.swift; path = NotesTests.swift; sourceTree = "<group>"; };
		DC985188230AAA3F00884885 /* Info.plist */ = {isa = PBXFileReference; lastKnownFileType = text.plist.xml; path = Info.plist; sourceTree = "<group>"; };
		DC98518F230AB06000884885 /* NoteTests.swift */ = {isa = PBXFileReference; lastKnownFileType = sourcecode.swift; path = NoteTests.swift; sourceTree = "<group>"; };
		DC985192230ABFE000884885 /* FileNotebookTests.swift */ = {isa = PBXFileReference; lastKnownFileType = sourcecode.swift; name = FileNotebookTests.swift; path = "../New Group/FileNotebookTests.swift"; sourceTree = "<group>"; };
		DC985196230AE74000884885 /* NoteExtensionTests.swift */ = {isa = PBXFileReference; lastKnownFileType = sourcecode.swift; path = NoteExtensionTests.swift; sourceTree = "<group>"; };
/* End PBXFileReference section */

/* Begin PBXFrameworksBuildPhase section */
		DC92EB91230A7AC7003F5A36 /* Frameworks */ = {
			isa = PBXFrameworksBuildPhase;
			buildActionMask = 2147483647;
			files = (
			);
			runOnlyForDeploymentPostprocessing = 0;
		};
		DC985181230AAA3F00884885 /* Frameworks */ = {
			isa = PBXFrameworksBuildPhase;
			buildActionMask = 2147483647;
			files = (
			);
			runOnlyForDeploymentPostprocessing = 0;
		};
/* End PBXFrameworksBuildPhase section */

/* Begin PBXGroup section */
		DC92EB8B230A7AC7003F5A36 = {
			isa = PBXGroup;
			children = (
				DC92EB96230A7AC7003F5A36 /* Notes */,
				DC985185230AAA3F00884885 /* NotesTests */,
				DC92EB95230A7AC7003F5A36 /* Products */,
			);
			sourceTree = "<group>";
		};
		DC92EB95230A7AC7003F5A36 /* Products */ = {
			isa = PBXGroup;
			children = (
				DC92EB94230A7AC7003F5A36 /* Notes.app */,
				DC985184230AAA3F00884885 /* NotesTests.xctest */,
			);
			name = Products;
			sourceTree = "<group>";
		};
		DC92EB96230A7AC7003F5A36 /* Notes */ = {
			isa = PBXGroup;
			children = (
				DC92EBA9230A7CB9003F5A36 /* Sources */,
				DC92EBAA230A7D10003F5A36 /* Resources */,
			);
			path = Notes;
			sourceTree = "<group>";
		};
		DC92EBA9230A7CB9003F5A36 /* Sources */ = {
			isa = PBXGroup;
			children = (
				DC98517B230A9ADB00884885 /* Extensions */,
				DC985176230A9A7600884885 /* Model */,
				DC92EBAC230A7D50003F5A36 /* Screens */,
				DC92EBAB230A7D3B003F5A36 /* Application */,
			);
			path = Sources;
			sourceTree = "<group>";
		};
		DC92EBAA230A7D10003F5A36 /* Resources */ = {
			isa = PBXGroup;
			children = (
				DC92EB9E230A7AC8003F5A36 /* Assets.xcassets */,
				DC92EBA0230A7AC8003F5A36 /* LaunchScreen.storyboard */,
			);
			path = Resources;
			sourceTree = "<group>";
		};
		DC92EBAB230A7D3B003F5A36 /* Application */ = {
			isa = PBXGroup;
			children = (
				DC92EB97230A7AC7003F5A36 /* AppDelegate.swift */,
				DC92EBA3230A7AC8003F5A36 /* Info.plist */,
			);
			path = Application;
			sourceTree = "<group>";
		};
		DC92EBAC230A7D50003F5A36 /* Screens */ = {
			isa = PBXGroup;
			children = (
				DC92EB99230A7AC7003F5A36 /* ViewController.swift */,
			);
			path = Screens;
			sourceTree = "<group>";
		};
		DC985176230A9A7600884885 /* Model */ = {
			isa = PBXGroup;
			children = (
				DC985177230A9A9200884885 /* Note.swift */,
				DC985179230A9ACB00884885 /* NoteExtensions.swift */,
				DC98517E230A9B7100884885 /* FileNotebook.swift */,
			);
			path = Model;
			sourceTree = "<group>";
		};
		DC98517B230A9ADB00884885 /* Extensions */ = {
			isa = PBXGroup;
			children = (
				DC98517C230A9AF100884885 /* UIColor.swift */,
			);
			path = Extensions;
			sourceTree = "<group>";
		};
		DC985185230AAA3F00884885 /* NotesTests */ = {
			isa = PBXGroup;
			children = (
				DC985186230AAA3F00884885 /* NotesTests.swift */,
				DC98518E230AB04200884885 /* Model */,
				DC985188230AAA3F00884885 /* Info.plist */,
			);
			path = NotesTests;
			sourceTree = "<group>";
		};
		DC98518E230AB04200884885 /* Model */ = {
			isa = PBXGroup;
			children = (
				DC985192230ABFE000884885 /* FileNotebookTests.swift */,
				DC98518F230AB06000884885 /* NoteTests.swift */,
				DC985196230AE74000884885 /* NoteExtensionTests.swift */,
			);
			path = Model;
			sourceTree = "<group>";
		};
/* End PBXGroup section */

/* Begin PBXNativeTarget section */
		DC92EB93230A7AC7003F5A36 /* Notes */ = {
			isa = PBXNativeTarget;
			buildConfigurationList = DC92EBA6230A7AC8003F5A36 /* Build configuration list for PBXNativeTarget "Notes" */;
			buildPhases = (
				DC92EB90230A7AC7003F5A36 /* Sources */,
				DC92EB91230A7AC7003F5A36 /* Frameworks */,
				DC92EB92230A7AC7003F5A36 /* Resources */,
			);
			buildRules = (
			);
			dependencies = (
			);
			name = Notes;
			productName = Notes;
			productReference = DC92EB94230A7AC7003F5A36 /* Notes.app */;
			productType = "com.apple.product-type.application";
		};
		DC985183230AAA3F00884885 /* NotesTests */ = {
			isa = PBXNativeTarget;
			buildConfigurationList = DC98518B230AAA3F00884885 /* Build configuration list for PBXNativeTarget "NotesTests" */;
			buildPhases = (
				DC985180230AAA3F00884885 /* Sources */,
				DC985181230AAA3F00884885 /* Frameworks */,
				DC985182230AAA3F00884885 /* Resources */,
			);
			buildRules = (
			);
			dependencies = (
				DC98518A230AAA3F00884885 /* PBXTargetDependency */,
			);
			name = NotesTests;
			productName = NotesTests;
			productReference = DC985184230AAA3F00884885 /* NotesTests.xctest */;
			productType = "com.apple.product-type.bundle.unit-test";
		};
/* End PBXNativeTarget section */

/* Begin PBXProject section */
		DC92EB8C230A7AC7003F5A36 /* Project object */ = {
			isa = PBXProject;
			attributes = {
				LastSwiftUpdateCheck = 1030;
				LastUpgradeCheck = 1030;
				ORGANIZATIONNAME = com.rasl;
				TargetAttributes = {
					DC92EB93230A7AC7003F5A36 = {
						CreatedOnToolsVersion = 10.3;
					};
					DC985183230AAA3F00884885 = {
						CreatedOnToolsVersion = 10.3;
						TestTargetID = DC92EB93230A7AC7003F5A36;
					};
				};
			};
			buildConfigurationList = DC92EB8F230A7AC7003F5A36 /* Build configuration list for PBXProject "Notes" */;
			compatibilityVersion = "Xcode 9.3";
			developmentRegion = en;
			hasScannedForEncodings = 0;
			knownRegions = (
				en,
				Base,
			);
			mainGroup = DC92EB8B230A7AC7003F5A36;
			productRefGroup = DC92EB95230A7AC7003F5A36 /* Products */;
			projectDirPath = "";
			projectRoot = "";
			targets = (
				DC92EB93230A7AC7003F5A36 /* Notes */,
				DC985183230AAA3F00884885 /* NotesTests */,
			);
		};
/* End PBXProject section */

/* Begin PBXResourcesBuildPhase section */
		DC92EB92230A7AC7003F5A36 /* Resources */ = {
			isa = PBXResourcesBuildPhase;
			buildActionMask = 2147483647;
			files = (
				DC92EBA2230A7AC8003F5A36 /* LaunchScreen.storyboard in Resources */,
				DC92EB9F230A7AC8003F5A36 /* Assets.xcassets in Resources */,
			);
			runOnlyForDeploymentPostprocessing = 0;
		};
		DC985182230AAA3F00884885 /* Resources */ = {
			isa = PBXResourcesBuildPhase;
			buildActionMask = 2147483647;
			files = (
			);
			runOnlyForDeploymentPostprocessing = 0;
		};
/* End PBXResourcesBuildPhase section */

/* Begin PBXSourcesBuildPhase section */
		DC92EB90230A7AC7003F5A36 /* Sources */ = {
			isa = PBXSourcesBuildPhase;
			buildActionMask = 2147483647;
			files = (
				DC98517F230A9B7100884885 /* FileNotebook.swift in Sources */,
				DC92EB9A230A7AC7003F5A36 /* ViewController.swift in Sources */,
				DC98517A230A9ACB00884885 /* NoteExtensions.swift in Sources */,
				DC92EB98230A7AC7003F5A36 /* AppDelegate.swift in Sources */,
				DC985178230A9A9200884885 /* Note.swift in Sources */,
				DC98517D230A9AF100884885 /* UIColor.swift in Sources */,
			);
			runOnlyForDeploymentPostprocessing = 0;
		};
		DC985180230AAA3F00884885 /* Sources */ = {
			isa = PBXSourcesBuildPhase;
			buildActionMask = 2147483647;
			files = (
				DC985193230ABFE000884885 /* FileNotebookTests.swift in Sources */,
				DC985197230AE74000884885 /* NoteExtensionTests.swift in Sources */,
				DC985187230AAA3F00884885 /* NotesTests.swift in Sources */,
				DC985190230AB06000884885 /* NoteTests.swift in Sources */,
			);
			runOnlyForDeploymentPostprocessing = 0;
		};
/* End PBXSourcesBuildPhase section */

/* Begin PBXTargetDependency section */
		DC98518A230AAA3F00884885 /* PBXTargetDependency */ = {
			isa = PBXTargetDependency;
			target = DC92EB93230A7AC7003F5A36 /* Notes */;
			targetProxy = DC985189230AAA3F00884885 /* PBXContainerItemProxy */;
		};
/* End PBXTargetDependency section */

/* Begin PBXVariantGroup section */
		DC92EBA0230A7AC8003F5A36 /* LaunchScreen.storyboard */ = {
			isa = PBXVariantGroup;
			children = (
				DC92EBA1230A7AC8003F5A36 /* Base */,
			);
			name = LaunchScreen.storyboard;
			sourceTree = "<group>";
		};
/* End PBXVariantGroup section */

/* Begin XCBuildConfiguration section */
		DC92EBA4230A7AC8003F5A36 /* Debug */ = {
			isa = XCBuildConfiguration;
			buildSettings = {
				ALWAYS_SEARCH_USER_PATHS = NO;
				CLANG_ANALYZER_NONNULL = YES;
				CLANG_ANALYZER_NUMBER_OBJECT_CONVERSION = YES_AGGRESSIVE;
				CLANG_CXX_LANGUAGE_STANDARD = "gnu++14";
				CLANG_CXX_LIBRARY = "libc++";
				CLANG_ENABLE_MODULES = YES;
				CLANG_ENABLE_OBJC_ARC = YES;
				CLANG_ENABLE_OBJC_WEAK = YES;
				CLANG_WARN_BLOCK_CAPTURE_AUTORELEASING = YES;
				CLANG_WARN_BOOL_CONVERSION = YES;
				CLANG_WARN_COMMA = YES;
				CLANG_WARN_CONSTANT_CONVERSION = YES;
				CLANG_WARN_DEPRECATED_OBJC_IMPLEMENTATIONS = YES;
				CLANG_WARN_DIRECT_OBJC_ISA_USAGE = YES_ERROR;
				CLANG_WARN_DOCUMENTATION_COMMENTS = YES;
				CLANG_WARN_EMPTY_BODY = YES;
				CLANG_WARN_ENUM_CONVERSION = YES;
				CLANG_WARN_INFINITE_RECURSION = YES;
				CLANG_WARN_INT_CONVERSION = YES;
				CLANG_WARN_NON_LITERAL_NULL_CONVERSION = YES;
				CLANG_WARN_OBJC_IMPLICIT_RETAIN_SELF = YES;
				CLANG_WARN_OBJC_LITERAL_CONVERSION = YES;
				CLANG_WARN_OBJC_ROOT_CLASS = YES_ERROR;
				CLANG_WARN_RANGE_LOOP_ANALYSIS = YES;
				CLANG_WARN_STRICT_PROTOTYPES = YES;
				CLANG_WARN_SUSPICIOUS_MOVE = YES;
				CLANG_WARN_UNGUARDED_AVAILABILITY = YES_AGGRESSIVE;
				CLANG_WARN_UNREACHABLE_CODE = YES;
				CLANG_WARN__DUPLICATE_METHOD_MATCH = YES;
				CODE_SIGN_IDENTITY = "iPhone Developer";
				COPY_PHASE_STRIP = NO;
				DEBUG_INFORMATION_FORMAT = dwarf;
				ENABLE_STRICT_OBJC_MSGSEND = YES;
				ENABLE_TESTABILITY = YES;
				GCC_C_LANGUAGE_STANDARD = gnu11;
				GCC_DYNAMIC_NO_PIC = NO;
				GCC_NO_COMMON_BLOCKS = YES;
				GCC_OPTIMIZATION_LEVEL = 0;
				GCC_PREPROCESSOR_DEFINITIONS = (
					"DEBUG=1",
					"$(inherited)",
				);
				GCC_WARN_64_TO_32_BIT_CONVERSION = YES;
				GCC_WARN_ABOUT_RETURN_TYPE = YES_ERROR;
				GCC_WARN_UNDECLARED_SELECTOR = YES;
				GCC_WARN_UNINITIALIZED_AUTOS = YES_AGGRESSIVE;
				GCC_WARN_UNUSED_FUNCTION = YES;
				GCC_WARN_UNUSED_VARIABLE = YES;
				IPHONEOS_DEPLOYMENT_TARGET = 12.4;
				MTL_ENABLE_DEBUG_INFO = INCLUDE_SOURCE;
				MTL_FAST_MATH = YES;
				ONLY_ACTIVE_ARCH = YES;
				SDKROOT = iphoneos;
				SWIFT_ACTIVE_COMPILATION_CONDITIONS = DEBUG;
				SWIFT_OPTIMIZATION_LEVEL = "-Onone";
			};
			name = Debug;
		};
		DC92EBA5230A7AC8003F5A36 /* Release */ = {
			isa = XCBuildConfiguration;
			buildSettings = {
				ALWAYS_SEARCH_USER_PATHS = NO;
				CLANG_ANALYZER_NONNULL = YES;
				CLANG_ANALYZER_NUMBER_OBJECT_CONVERSION = YES_AGGRESSIVE;
				CLANG_CXX_LANGUAGE_STANDARD = "gnu++14";
				CLANG_CXX_LIBRARY = "libc++";
				CLANG_ENABLE_MODULES = YES;
				CLANG_ENABLE_OBJC_ARC = YES;
				CLANG_ENABLE_OBJC_WEAK = YES;
				CLANG_WARN_BLOCK_CAPTURE_AUTORELEASING = YES;
				CLANG_WARN_BOOL_CONVERSION = YES;
				CLANG_WARN_COMMA = YES;
				CLANG_WARN_CONSTANT_CONVERSION = YES;
				CLANG_WARN_DEPRECATED_OBJC_IMPLEMENTATIONS = YES;
				CLANG_WARN_DIRECT_OBJC_ISA_USAGE = YES_ERROR;
				CLANG_WARN_DOCUMENTATION_COMMENTS = YES;
				CLANG_WARN_EMPTY_BODY = YES;
				CLANG_WARN_ENUM_CONVERSION = YES;
				CLANG_WARN_INFINITE_RECURSION = YES;
				CLANG_WARN_INT_CONVERSION = YES;
				CLANG_WARN_NON_LITERAL_NULL_CONVERSION = YES;
				CLANG_WARN_OBJC_IMPLICIT_RETAIN_SELF = YES;
				CLANG_WARN_OBJC_LITERAL_CONVERSION = YES;
				CLANG_WARN_OBJC_ROOT_CLASS = YES_ERROR;
				CLANG_WARN_RANGE_LOOP_ANALYSIS = YES;
				CLANG_WARN_STRICT_PROTOTYPES = YES;
				CLANG_WARN_SUSPICIOUS_MOVE = YES;
				CLANG_WARN_UNGUARDED_AVAILABILITY = YES_AGGRESSIVE;
				CLANG_WARN_UNREACHABLE_CODE = YES;
				CLANG_WARN__DUPLICATE_METHOD_MATCH = YES;
				CODE_SIGN_IDENTITY = "iPhone Developer";
				COPY_PHASE_STRIP = NO;
				DEBUG_INFORMATION_FORMAT = "dwarf-with-dsym";
				ENABLE_NS_ASSERTIONS = NO;
				ENABLE_STRICT_OBJC_MSGSEND = YES;
				GCC_C_LANGUAGE_STANDARD = gnu11;
				GCC_NO_COMMON_BLOCKS = YES;
				GCC_WARN_64_TO_32_BIT_CONVERSION = YES;
				GCC_WARN_ABOUT_RETURN_TYPE = YES_ERROR;
				GCC_WARN_UNDECLARED_SELECTOR = YES;
				GCC_WARN_UNINITIALIZED_AUTOS = YES_AGGRESSIVE;
				GCC_WARN_UNUSED_FUNCTION = YES;
				GCC_WARN_UNUSED_VARIABLE = YES;
				IPHONEOS_DEPLOYMENT_TARGET = 12.4;
				MTL_ENABLE_DEBUG_INFO = NO;
				MTL_FAST_MATH = YES;
				SDKROOT = iphoneos;
				SWIFT_COMPILATION_MODE = wholemodule;
				SWIFT_OPTIMIZATION_LEVEL = "-O";
				VALIDATE_PRODUCT = YES;
			};
			name = Release;
		};
		DC92EBA7230A7AC8003F5A36 /* Debug */ = {
			isa = XCBuildConfiguration;
			buildSettings = {
				ASSETCATALOG_COMPILER_APPICON_NAME = AppIcon;
				CODE_SIGN_STYLE = Automatic;
				INFOPLIST_FILE = "$(SRCROOT)/Notes/Sources/Application/Info.plist";
				LD_RUNPATH_SEARCH_PATHS = (
					"$(inherited)",
					"@executable_path/Frameworks",
				);
				PRODUCT_BUNDLE_IDENTIFIER = com.rasldev.Notes;
				PRODUCT_NAME = "$(TARGET_NAME)";
				SWIFT_VERSION = 5.0;
				TARGETED_DEVICE_FAMILY = "1,2";
			};
			name = Debug;
		};
		DC92EBA8230A7AC8003F5A36 /* Release */ = {
			isa = XCBuildConfiguration;
			buildSettings = {
				ASSETCATALOG_COMPILER_APPICON_NAME = AppIcon;
				CODE_SIGN_STYLE = Automatic;
				INFOPLIST_FILE = "$(SRCROOT)/Notes/Sources/Application/Info.plist";
				LD_RUNPATH_SEARCH_PATHS = (
					"$(inherited)",
					"@executable_path/Frameworks",
				);
				PRODUCT_BUNDLE_IDENTIFIER = com.rasldev.Notes;
				PRODUCT_NAME = "$(TARGET_NAME)";
				SWIFT_VERSION = 5.0;
				TARGETED_DEVICE_FAMILY = "1,2";
			};
			name = Release;
		};
		DC98518C230AAA3F00884885 /* Debug */ = {
			isa = XCBuildConfiguration;
			buildSettings = {
				BUNDLE_LOADER = "$(TEST_HOST)";
				CODE_SIGN_STYLE = Automatic;
				INFOPLIST_FILE = NotesTests/Info.plist;
				LD_RUNPATH_SEARCH_PATHS = (
					"$(inherited)",
					"@executable_path/Frameworks",
					"@loader_path/Frameworks",
				);
				PRODUCT_BUNDLE_IDENTIFIER = com.rasldev.NotesTests;
				PRODUCT_NAME = "$(TARGET_NAME)";
				SWIFT_VERSION = 5.0;
				TARGETED_DEVICE_FAMILY = "1,2";
				TEST_HOST = "$(BUILT_PRODUCTS_DIR)/Notes.app/Notes";
			};
			name = Debug;
		};
		DC98518D230AAA3F00884885 /* Release */ = {
			isa = XCBuildConfiguration;
			buildSettings = {
				BUNDLE_LOADER = "$(TEST_HOST)";
				CODE_SIGN_STYLE = Automatic;
				INFOPLIST_FILE = NotesTests/Info.plist;
				LD_RUNPATH_SEARCH_PATHS = (
					"$(inherited)",
					"@executable_path/Frameworks",
					"@loader_path/Frameworks",
				);
				PRODUCT_BUNDLE_IDENTIFIER = com.rasldev.NotesTests;
				PRODUCT_NAME = "$(TARGET_NAME)";
				SWIFT_VERSION = 5.0;
				TARGETED_DEVICE_FAMILY = "1,2";
				TEST_HOST = "$(BUILT_PRODUCTS_DIR)/Notes.app/Notes";
			};
			name = Release;
		};
/* End XCBuildConfiguration section */

/* Begin XCConfigurationList section */
		DC92EB8F230A7AC7003F5A36 /* Build configuration list for PBXProject "Notes" */ = {
			isa = XCConfigurationList;
			buildConfigurations = (
				DC92EBA4230A7AC8003F5A36 /* Debug */,
				DC92EBA5230A7AC8003F5A36 /* Release */,
			);
			defaultConfigurationIsVisible = 0;
			defaultConfigurationName = Release;
		};
		DC92EBA6230A7AC8003F5A36 /* Build configuration list for PBXNativeTarget "Notes" */ = {
			isa = XCConfigurationList;
			buildConfigurations = (
				DC92EBA7230A7AC8003F5A36 /* Debug */,
				DC92EBA8230A7AC8003F5A36 /* Release */,
			);
			defaultConfigurationIsVisible = 0;
			defaultConfigurationName = Release;
		};
		DC98518B230AAA3F00884885 /* Build configuration list for PBXNativeTarget "NotesTests" */ = {
			isa = XCConfigurationList;
			buildConfigurations = (
				DC98518C230AAA3F00884885 /* Debug */,
				DC98518D230AAA3F00884885 /* Release */,
			);
			defaultConfigurationIsVisible = 0;
			defaultConfigurationName = Release;
		};
/* End XCConfigurationList section */
	};
	rootObject = DC92EB8C230A7AC7003F5A36 /* Project object */;
}
